
Microsoft Visual Studio Solution File, Format Version 12.00
# Visual Studio Version 17
VisualStudioVersion = 17.4.33213.308
MinimumVisualStudioVersion = 10.0.40219.1
Project("{FAE04EC0-301F-11D3-BF4B-00C04F79EFBC}") = "BancoAPI", "BancoAPI\BancoAPI.csproj", "{D0DD3119-D90D-445E-81D2-74368910E80B}"
EndProject
Global
	GlobalSection(SolutionConfigurationPlatforms) = preSolution
		Debug|Any CPU = Debug|Any CPU
		Release|Any CPU = Release|Any CPU
	EndGlobalSection
	GlobalSection(ProjectConfigurationPlatforms) = postSolution
		{D0DD3119-D90D-445E-81D2-74368910E80B}.Debug|Any CPU.ActiveCfg = Debug|Any CPU
		{D0DD3119-D90D-445E-81D2-74368910E80B}.Debug|Any CPU.Build.0 = Debug|Any CPU
		{D0DD3119-D90D-445E-81D2-74368910E80B}.Release|Any CPU.ActiveCfg = Release|Any CPU
		{D0DD3119-D90D-445E-81D2-74368910E80B}.Release|Any CPU.Build.0 = Release|Any CPU
	EndGlobalSection
	GlobalSection(SolutionProperties) = preSolution
		HideSolutionNode = FALSE
	EndGlobalSection
	GlobalSection(ExtensibilityGlobals) = postSolution
		SolutionGuid = {48A94BDD-0B7D-477A-A66B-E525D3A0548B}
	EndGlobalSection
EndGlobal
